
Microsoft Visual Studio Solution File, Format Version 12.00
# Visual Studio Version 16
VisualStudioVersion = 16.0.29519.181
MinimumVisualStudioVersion = 10.0.40219.1
Project("{FAE04EC0-301F-11D3-BF4B-00C04F79EFBC}") = "VierGewinnt", "VierGewinnt\VierGewinnt.csproj", "{D99F33D1-36E8-43C9-A0FD-0AE65A9051C3}"
EndProject
Global
	GlobalSection(SolutionConfigurationPlatforms) = preSolution
		Debug|Any CPU = Debug|Any CPU
		Release|Any CPU = Release|Any CPU
	EndGlobalSection
	GlobalSection(ProjectConfigurationPlatforms) = postSolution
		{D99F33D1-36E8-43C9-A0FD-0AE65A9051C3}.Debug|Any CPU.ActiveCfg = Debug|Any CPU
		{D99F33D1-36E8-43C9-A0FD-0AE65A9051C3}.Debug|Any CPU.Build.0 = Debug|Any CPU
		{D99F33D1-36E8-43C9-A0FD-0AE65A9051C3}.Release|Any CPU.ActiveCfg = Release|Any CPU
		{D99F33D1-36E8-43C9-A0FD-0AE65A9051C3}.Release|Any CPU.Build.0 = Release|Any CPU
	EndGlobalSection
	GlobalSection(SolutionProperties) = preSolution
		HideSolutionNode = FALSE
	EndGlobalSection
	GlobalSection(ExtensibilityGlobals) = postSolution
		SolutionGuid = {1A78E902-9F55-4E6A-A704-FAE9BA6B6630}
	EndGlobalSection
EndGlobal
